# Helix — pins (not a SKU join)

# WHO UPDATES THIS FILE
#   When HelixTest cuts a tag that Ferrum/Lab Kit/ga4gh-infra also take.
#   Helix CI clones this SHA as a sibling (D1). helix-action default helixtest-ref
#   is the same tag. Ferrum main still reads Ferrum/VERSIONS.lock HELIXTEST_*.
#
# WHO READS THIS FILE
#   Helix CI, helix-action docs, humans. Not a SKU join.

# Runnable suite. Tag v0.1.3; crate Cargo.toml version may stay 0.1.0.
HELIXTEST_REF=v0.1.3
HELIXTEST_TAG=v0.1.3
HELIXTEST_SHA=1832c043e1679ec283cb2113510ee33684317cce
